// !$*UTF8*$!
{
	archiveVersion = 1;
	classes = {
	};
	objectVersion = 50;
	objects = {

/* Begin PBXBuildFile section */
		162F376826EDE3CA003476D4 /* AppDelegate.m in Sources */ = {isa = PBXBuildFile; fileRef = 162F376726EDE3CA003476D4 /* AppDelegate.m */; };
		162F376B26EDE3CA003476D4 /* SceneDelegate.m in Sources */ = {isa = PBXBuildFile; fileRef = 162F376A26EDE3CA003476D4 /* SceneDelegate.m */; };
		162F376E26EDE3CA003476D4 /* ViewController.m in Sources */ = {isa = PBXBuildFile; fileRef = 162F376D26EDE3CA003476D4 /* ViewController.m */; };
		162F377126EDE3CA003476D4 /* Main.storyboard in Resources */ = {isa = PBXBuildFile; fileRef = 162F376F26EDE3CA003476D4 /* Main.storyboard */; };
		162F377326EDE3CB003476D4 /* Assets.xcassets in Resources */ = {isa = PBXBuildFile; fileRef = 162F377226EDE3CB003476D4 /* Assets.xcassets */; };
		162F377626EDE3CB003476D4 /* LaunchScreen.storyboard in Resources */ = {isa = PBXBuildFile; fileRef = 162F377426EDE3CB003476D4 /* LaunchScreen.storyboard */; };
		162F377926EDE3CB003476D4 /* main.m in Sources */ = {isa = PBXBuildFile; fileRef = 162F377826EDE3CB003476D4 /* main.m */; };
		162F378226EE0073003476D4 /* Baby.m in Sources */ = {isa = PBXBuildFile; fileRef = 162F378126EE0073003476D4 /* Baby.m */; };
/* End PBXBuildFile section */

/* Begin PBXFileReference section */
		162F376326EDE3CA003476D4 /* ObjcDemo.app */ = {isa = PBXFileReference; explicitFileType = wrapper.application; includeInIndex = 0; path = ObjcDemo.app; sourceTree = BUILT_PRODUCTS_DIR; };
		162F376626EDE3CA003476D4 /* AppDelegate.h */ = {isa = PBXFileReference; lastKnownFileType = sourcecode.c.h; path = AppDelegate.h; sourceTree = "<group>"; };
		162F376726EDE3CA003476D4 /* AppDelegate.m */ = {isa = PBXFileReference; lastKnownFileType = sourcecode.c.objc; path = AppDelegate.m; sourceTree = "<group>"; };
		162F376926EDE3CA003476D4 /* SceneDelegate.h */ = {isa = PBXFileReference; lastKnownFileType = sourcecode.c.h; path = SceneDelegate.h; sourceTree = "<group>"; };
		162F376A26EDE3CA003476D4 /* SceneDelegate.m */ = {isa = PBXFileReference; lastKnownFileType = sourcecode.c.objc; path = SceneDelegate.m; sourceTree = "<group>"; };
		162F376C26EDE3CA003476D4 /* ViewController.h */ = {isa = PBXFileReference; lastKnownFileType = sourcecode.c.h; path = ViewController.h; sourceTree = "<group>"; };
		162F376D26EDE3CA003476D4 /* ViewController.m */ = {isa = PBXFileReference; lastKnownFileType = sourcecode.c.objc; path = ViewController.m; sourceTree = "<group>"; };
		162F377026EDE3CA003476D4 /* Base */ = {isa = PBXFileReference; lastKnownFileType = file.storyboard; name = Base; path = Base.lproj/Main.storyboard; sourceTree = "<group>"; };
		162F377226EDE3CB003476D4 /* Assets.xcassets */ = {isa = PBXFileReference; lastKnownFileType = folder.assetcatalog; path = Assets.xcassets; sourceTree = "<group>"; };
		162F377526EDE3CB003476D4 /* Base */ = {isa = PBXFileReference; lastKnownFileType = file.storyboard; name = Base; path = Base.lproj/LaunchScreen.storyboard; sourceTree = "<group>"; };
		162F377726EDE3CB003476D4 /* Info.plist */ = {isa = PBXFileReference; lastKnownFileType = text.plist.xml; path = Info.plist; sourceTree = "<group>"; };
		162F377826EDE3CB003476D4 /* main.m */ = {isa = PBXFileReference; lastKnownFileType = sourcecode.c.objc; path = main.m; sourceTree = "<group>"; };
		53D5840B26F1E805004CD9E0 /* Baby.h */ = {isa = PBXFileReference; lastKnownFileType = sourcecode.c.h; path = Baby.h; sourceTree = "<group>"; };
/* End PBXFileReference section */

/* Begin PBXFrameworksBuildPhase section */
		162F376026EDE3CA003476D4 /* Frameworks */ = {
			isa = PBXFrameworksBuildPhase;
			buildActionMask = 2147483647;
			files = (
			);
			runOnlyForDeploymentPostprocessing = 0;
		};
/* End PBXFrameworksBuildPhase section */

/* Begin PBXGroup section */
		162F375A26EDE3CA003476D4 = {
			isa = PBXGroup;
			children = (
				162F376526EDE3CA003476D4 /* ObjcDemo */,
				162F376426EDE3CA003476D4 /* Products */,
			);
			sourceTree = "<group>";
		};
		162F376426EDE3CA003476D4 /* Products */ = {
			isa = PBXGroup;
			children = (
				162F376326EDE3CA003476D4 /* ObjcDemo.app */,
			);
			name = Products;
			sourceTree = "<group>";
		};
		162F376526EDE3CA003476D4 /* ObjcDemo */ = {
			isa = PBXGroup;
			children = (
				162F376626EDE3CA003476D4 /* AppDelegate.h */,
				162F376726EDE3CA003476D4 /* AppDelegate.m */,
				162F376926EDE3CA003476D4 /* SceneDelegate.h */,
				162F376A26EDE3CA003476D4 /* SceneDelegate.m */,
				162F376C26EDE3CA003476D4 /* ViewController.h */,
				162F376D26EDE3CA003476D4 /* ViewController.m */,
				162F378126EE0073003476D4 /* Baby.m */,
				162F376F26EDE3CA003476D4 /* Main.storyboard */,
				162F377226EDE3CB003476D4 /* Assets.xcassets */,
				53D5840B26F1E805004CD9E0 /* Baby.h */,
				162F377426EDE3CB003476D4 /* LaunchScreen.storyboard */,
				162F377726EDE3CB003476D4 /* Info.plist */,
				162F377826EDE3CB003476D4 /* main.m */,
			);
			path = ObjcDemo;
			sourceTree = "<group>";
		};
/* End PBXGroup section */

/* Begin PBXNativeTarget section */
		162F376226EDE3CA003476D4 /* ObjcDemo */ = {
			isa = PBXNativeTarget;
			buildConfigurationList = 162F377C26EDE3CB003476D4 /* Build configuration list for PBXNativeTarget "ObjcDemo" */;
			buildPhases = (
				162F375F26EDE3CA003476D4 /* Sources */,
				162F376026EDE3CA003476D4 /* Frameworks */,
				162F376126EDE3CA003476D4 /* Resources */,
			);
			buildRules = (
			);
			dependencies = (
			);
			name = ObjcDemo;
			productName = ObjcDemo;
			productReference = 162F376326EDE3CA003476D4 /* ObjcDemo.app */;
			productType = "com.apple.product-type.application";
		};
/* End PBXNativeTarget section */

/* Begin PBXProject section */
		162F375B26EDE3CA003476D4 /* Project object */ = {
			isa = PBXProject;
			attributes = {
				LastUpgradeCheck = 1200;
				TargetAttributes = {
					162F376226EDE3CA003476D4 = {
						CreatedOnToolsVersion = 12.0;
					};
				};
			};
			buildConfigurationList = 162F375E26EDE3CA003476D4 /* Build configuration list for PBXProject "ObjcDemo" */;
			compatibilityVersion = "Xcode 9.3";
			developmentRegion = en;
			hasScannedForEncodings = 0;
			knownRegions = (
				en,
				Base,
			);
			mainGroup = 162F375A26EDE3CA003476D4;
			productRefGroup = 162F376426EDE3CA003476D4 /* Products */;
			projectDirPath = "";
			projectRoot = "";
			targets = (
				162F376226EDE3CA003476D4 /* ObjcDemo */,
			);
		};
/* End PBXProject section */

/* Begin PBXResourcesBuildPhase section */
		162F376126EDE3CA003476D4 /* Resources */ = {
			isa = PBXResourcesBuildPhase;
			buildActionMask = 2147483647;
			files = (
				162F377626EDE3CB003476D4 /* LaunchScreen.storyboard in Resources */,
				162F377326EDE3CB003476D4 /* Assets.xcassets in Resources */,
				162F377126EDE3CA003476D4 /* Main.storyboard in Resources */,
			);
			runOnlyForDeploymentPostprocessing = 0;
		};
/* End PBXResourcesBuildPhase section */

/* Begin PBXSourcesBuildPhase section */
		162F375F26EDE3CA003476D4 /* Sources */ = {
			isa = PBXSourcesBuildPhase;
			buildActionMask = 2147483647;
			files = (
				162F378226EE0073003476D4 /* Baby.m in Sources */,
				162F376E26EDE3CA003476D4 /* ViewController.m in Sources */,
				162F376826EDE3CA003476D4 /* AppDelegate.m in Sources */,
				162F377926EDE3CB003476D4 /* main.m in Sources */,
				162F376B26EDE3CA003476D4 /* SceneDelegate.m in Sources */,
			);
			runOnlyForDeploymentPostprocessing = 0;
		};
/* End PBXSourcesBuildPhase section */

/* Begin PBXVariantGroup section */
		162F376F26EDE3CA003476D4 /* Main.storyboard */ = {
			isa = PBXVariantGroup;
			children = (
				162F377026EDE3CA003476D4 /* Base */,
			);
			name = Main.storyboard;
			sourceTree = "<group>";
		};
		162F377426EDE3CB003476D4 /* LaunchScreen.storyboard */ = {
			isa = PBXVariantGroup;
			children = (
				162F377526EDE3CB003476D4 /* Base */,
			);
			name = LaunchScreen.storyboard;
			sourceTree = "<group>";
		};
/* End PBXVariantGroup section */

/* Begin XCBuildConfiguration section */
		162F377A26EDE3CB003476D4 /* Debug */ = {
			isa = XCBuildConfiguration;
			buildSettings = {
				ALWAYS_SEARCH_USER_PATHS = NO;
				CLANG_ANALYZER_NONNULL = YES;
				CLANG_ANALYZER_NUMBER_OBJECT_CONVERSION = YES_AGGRESSIVE;
				CLANG_CXX_LANGUAGE_STANDARD = "gnu++14";
				CLANG_CXX_LIBRARY = "libc++";
				CLANG_ENABLE_MODULES = YES;
				CLANG_ENABLE_OBJC_ARC = YES;
				CLANG_ENABLE_OBJC_WEAK = YES;
				CLANG_WARN_BLOCK_CAPTURE_AUTORELEASING = YES;
				CLANG_WARN_BOOL_CONVERSION = YES;
				CLANG_WARN_COMMA = YES;
				CLANG_WARN_CONSTANT_CONVERSION = YES;
				CLANG_WARN_DEPRECATED_OBJC_IMPLEMENTATIONS = YES;
				CLANG_WARN_DIRECT_OBJC_ISA_USAGE = YES_ERROR;
				CLANG_WARN_DOCUMENTATION_COMMENTS = YES;
				CLANG_WARN_EMPTY_BODY = YES;
				CLANG_WARN_ENUM_CONVERSION = YES;
				CLANG_WARN_INFINITE_RECURSION = YES;
				CLANG_WARN_INT_CONVERSION = YES;
				CLANG_WARN_NON_LITERAL_NULL_CONVERSION = YES;
				CLANG_WARN_OBJC_IMPLICIT_RETAIN_SELF = YES;
				CLANG_WARN_OBJC_LITERAL_CONVERSION = YES;
				CLANG_WARN_OBJC_ROOT_CLASS = YES_ERROR;
				CLANG_WARN_QUOTED_INCLUDE_IN_FRAMEWORK_HEADER = YES;
				CLANG_WARN_RANGE_LOOP_ANALYSIS = YES;
				CLANG_WARN_STRICT_PROTOTYPES = YES;
				CLANG_WARN_SUSPICIOUS_MOVE = YES;
				CLANG_WARN_UNGUARDED_AVAILABILITY = YES_AGGRESSIVE;
				CLANG_WARN_UNREACHABLE_CODE = YES;
				CLANG_WARN__DUPLICATE_METHOD_MATCH = YES;
				COPY_PHASE_STRIP = NO;
				DEBUG_INFORMATION_FORMAT = dwarf;
				ENABLE_STRICT_OBJC_MSGSEND = YES;
				ENABLE_TESTABILITY = YES;
				GCC_C_LANGUAGE_STANDARD = gnu11;
				GCC_DYNAMIC_NO_PIC = NO;
				GCC_NO_COMMON_BLOCKS = YES;
				GCC_OPTIMIZATION_LEVEL = 0;
				GCC_PREPROCESSOR_DEFINITIONS = (
					"DEBUG=1",
					"$(inherited)",
				);
				GCC_WARN_64_TO_32_BIT_CONVERSION = YES;
				GCC_WARN_ABOUT_RETURN_TYPE = YES_ERROR;
				GCC_WARN_UNDECLARED_SELECTOR = YES;
				GCC_WARN_UNINITIALIZED_AUTOS = YES_AGGRESSIVE;
				GCC_WARN_UNUSED_FUNCTION = YES;
				GCC_WARN_UNUSED_VARIABLE = YES;
				IPHONEOS_DEPLOYMENT_TARGET = 14.0;
				MTL_ENABLE_DEBUG_INFO = INCLUDE_SOURCE;
				MTL_FAST_MATH = YES;
				ONLY_ACTIVE_ARCH = YES;
				SDKROOT = iphoneos;
			};
			name = Debug;
		};
		162F377B26EDE3CB003476D4 /* Release */ = {
			isa = XCBuildConfiguration;
			buildSettings = {
				ALWAYS_SEARCH_USER_PATHS = NO;
				CLANG_ANALYZER_NONNULL = YES;
				CLANG_ANALYZER_NUMBER_OBJECT_CONVERSION = YES_AGGRESSIVE;
				CLANG_CXX_LANGUAGE_STANDARD = "gnu++14";
				CLANG_CXX_LIBRARY = "libc++";
				CLANG_ENABLE_MODULES = YES;
				CLANG_ENABLE_OBJC_ARC = YES;
				CLANG_ENABLE_OBJC_WEAK = YES;
				CLANG_WARN_BLOCK_CAPTURE_AUTORELEASING = YES;
				CLANG_WARN_BOOL_CONVERSION = YES;
				CLANG_WARN_COMMA = YES;
				CLANG_WARN_CONSTANT_CONVERSION = YES;
				CLANG_WARN_DEPRECATED_OBJC_IMPLEMENTATIONS = YES;
				CLANG_WARN_DIRECT_OBJC_ISA_USAGE = YES_ERROR;
				CLANG_WARN_DOCUMENTATION_COMMENTS = YES;
				CLANG_WARN_EMPTY_BODY = YES;
				CLANG_WARN_ENUM_CONVERSION = YES;
				CLANG_WARN_INFINITE_RECURSION = YES;
				CLANG_WARN_INT_CONVERSION = YES;
				CLANG_WARN_NON_LITERAL_NULL_CONVERSION = YES;
				CLANG_WARN_OBJC_IMPLICIT_RETAIN_SELF = YES;
				CLANG_WARN_OBJC_LITERAL_CONVERSION = YES;
				CLANG_WARN_OBJC_ROOT_CLASS = YES_ERROR;
				CLANG_WARN_QUOTED_INCLUDE_IN_FRAMEWORK_HEADER = YES;
				CLANG_WARN_RANGE_LOOP_ANALYSIS = YES;
				CLANG_WARN_STRICT_PROTOTYPES = YES;
				CLANG_WARN_SUSPICIOUS_MOVE = YES;
				CLANG_WARN_UNGUARDED_AVAILABILITY = YES_AGGRESSIVE;
				CLANG_WARN_UNREACHABLE_CODE = YES;
				CLANG_WARN__DUPLICATE_METHOD_MATCH = YES;
				COPY_PHASE_STRIP = NO;
				DEBUG_INFORMATION_FORMAT = "dwarf-with-dsym";
				ENABLE_NS_ASSERTIONS = NO;
				ENABLE_STRICT_OBJC_MSGSEND = YES;
				GCC_C_LANGUAGE_STANDARD = gnu11;
				GCC_NO_COMMON_BLOCKS = YES;
				GCC_WARN_64_TO_32_BIT_CONVERSION = YES;
				GCC_WARN_ABOUT_RETURN_TYPE = YES_ERROR;
				GCC_WARN_UNDECLARED_SELECTOR = YES;
				GCC_WARN_UNINITIALIZED_AUTOS = YES_AGGRESSIVE;
				GCC_WARN_UNUSED_FUNCTION = YES;
				GCC_WARN_UNUSED_VARIABLE = YES;
				IPHONEOS_DEPLOYMENT_TARGET = 14.0;
				MTL_ENABLE_DEBUG_INFO = NO;
				MTL_FAST_MATH = YES;
				SDKROOT = iphoneos;
				VALIDATE_PRODUCT = YES;
			};
			name = Release;
		};
		162F377D26EDE3CB003476D4 /* Debug */ = {
			isa = XCBuildConfiguration;
			buildSettings = {
				ASSETCATALOG_COMPILER_APPICON_NAME = AppIcon;
				ASSETCATALOG_COMPILER_GLOBAL_ACCENT_COLOR_NAME = AccentColor;
				CODE_SIGN_STYLE = Automatic;
				DEVELOPMENT_TEAM = 3W9683M8RM;
				INFOPLIST_FILE = ObjcDemo/Info.plist;
				LD_RUNPATH_SEARCH_PATHS = (
					"$(inherited)",
					"@executable_path/Frameworks",
				);
				PRODUCT_BUNDLE_IDENTIFIER = PIG.ObjcDemo;
				PRODUCT_NAME = "$(TARGET_NAME)";
				TARGETED_DEVICE_FAMILY = "1,2";
			};
			name = Debug;
		};
		162F377E26EDE3CB003476D4 /* Release */ = {
			isa = XCBuildConfiguration;
			buildSettings = {
				ASSETCATALOG_COMPILER_APPICON_NAME = AppIcon;
				ASSETCATALOG_COMPILER_GLOBAL_ACCENT_COLOR_NAME = AccentColor;
				CODE_SIGN_STYLE = Automatic;
				DEVELOPMENT_TEAM = 3W9683M8RM;
				INFOPLIST_FILE = ObjcDemo/Info.plist;
				LD_RUNPATH_SEARCH_PATHS = (
					"$(inherited)",
					"@executable_path/Frameworks",
				);
				PRODUCT_BUNDLE_IDENTIFIER = PIG.ObjcDemo;
				PRODUCT_NAME = "$(TARGET_NAME)";
				TARGETED_DEVICE_FAMILY = "1,2";
			};
			name = Release;
		};
/* End XCBuildConfiguration section */

/* Begin XCConfigurationList section */
		162F375E26EDE3CA003476D4 /* Build configuration list for PBXProject "ObjcDemo" */ = {
			isa = XCConfigurationList;
			buildConfigurations = (
				162F377A26EDE3CB003476D4 /* Debug */,
				162F377B26EDE3CB003476D4 /* Release */,
			);
			defaultConfigurationIsVisible = 0;
			defaultConfigurationName = Release;
		};
		162F377C26EDE3CB003476D4 /* Build configuration list for PBXNativeTarget "ObjcDemo" */ = {
			isa = XCConfigurationList;
			buildConfigurations = (
				162F377D26EDE3CB003476D4 /* Debug */,
				162F377E26EDE3CB003476D4 /* Release */,
			);
			defaultConfigurationIsVisible = 0;
			defaultConfigurationName = Release;
		};
/* End XCConfigurationList section */
	};
	rootObject = 162F375B26EDE3CA003476D4 /* Project object */;
}
